
Microsoft Visual Studio Solution File, Format Version 12.00
# Visual Studio 15
VisualStudioVersion = 15.0.28010.2046
MinimumVisualStudioVersion = 10.0.40219.1
Project("{FAE04EC0-301F-11D3-BF4B-00C04F79EFBC}") = "voice_20181014_ZF1921348", "WindowsFormsApplication1\voice_20181014_ZF1921348.csproj", "{9B5D2F05-B932-4431-8377-529C24221669}"
EndProject
Project("{54435603-DBB4-11D2-8724-00A0C9A8B90C}") = "form1", "C:\Users\z2010\Desktop\test\form1\form1.vdproj", "{F0D17A56-5F15-42A7-91A3-57E4DF1B05A6}"
EndProject
Project("{54435603-DBB4-11D2-8724-00A0C9A8B90C}") = "Setup1", "C:\Users\z2010\Desktop\test\form2\Setup1\Setup1.vdproj", "{D89A45CE-FA1D-4466-9455-EF7828C6C56F}"
EndProject
Global
	GlobalSection(SolutionConfigurationPlatforms) = preSolution
		Debug|Any CPU = Debug|Any CPU
		Release|Any CPU = Release|Any CPU
	EndGlobalSection
	GlobalSection(ProjectConfigurationPlatforms) = postSolution
		{9B5D2F05-B932-4431-8377-529C24221669}.Debug|Any CPU.ActiveCfg = Debug|Any CPU
		{9B5D2F05-B932-4431-8377-529C24221669}.Debug|Any CPU.Build.0 = Debug|Any CPU
		{9B5D2F05-B932-4431-8377-529C24221669}.Release|Any CPU.ActiveCfg = Release|Any CPU
		{9B5D2F05-B932-4431-8377-529C24221669}.Release|Any CPU.Build.0 = Release|Any CPU
		{F0D17A56-5F15-42A7-91A3-57E4DF1B05A6}.Debug|Any CPU.ActiveCfg = Debug
		{F0D17A56-5F15-42A7-91A3-57E4DF1B05A6}.Release|Any CPU.ActiveCfg = Release
		{D89A45CE-FA1D-4466-9455-EF7828C6C56F}.Debug|Any CPU.ActiveCfg = Debug
		{D89A45CE-FA1D-4466-9455-EF7828C6C56F}.Release|Any CPU.ActiveCfg = Release
	EndGlobalSection
	GlobalSection(SolutionProperties) = preSolution
		HideSolutionNode = FALSE
	EndGlobalSection
	GlobalSection(ExtensibilityGlobals) = postSolution
		SolutionGuid = {FADEC7BE-F702-42D9-A537-62D42DF589BE}
	EndGlobalSection
	GlobalSection(SolutionConfigurationPlatforms) = preSolution
		Debug|Any CPU = Debug|Any CPU
		Release|Any CPU = Release|Any CPU
	EndGlobalSection
EndGlobal
